// !$*UTF8*$!
{
	archiveVersion = 1;
	classes = {
	};
	objectVersion = 46;
	objects = {

/* Begin PBXBuildFile section */
		ACB96E861F4E3E62003CDBAF /* AppDelegate.swift in Sources */ = {isa = PBXBuildFile; fileRef = ACB96E851F4E3E62003CDBAF /* AppDelegate.swift */; };
		ACB96E881F4E3E62003CDBAF /* ViewController.swift in Sources */ = {isa = PBXBuildFile; fileRef = ACB96E871F4E3E62003CDBAF /* ViewController.swift */; };
		ACB96E8B1F4E3E62003CDBAF /* Main.storyboard in Resources */ = {isa = PBXBuildFile; fileRef = ACB96E891F4E3E62003CDBAF /* Main.storyboard */; };
		ACB96E8D1F4E3E62003CDBAF /* Assets.xcassets in Resources */ = {isa = PBXBuildFile; fileRef = ACB96E8C1F4E3E62003CDBAF /* Assets.xcassets */; };
		ACB96E901F4E3E62003CDBAF /* LaunchScreen.storyboard in Resources */ = {isa = PBXBuildFile; fileRef = ACB96E8E1F4E3E62003CDBAF /* LaunchScreen.storyboard */; };
		ACB96E981F4E5658003CDBAF /* terceiraView.swift in Sources */ = {isa = PBXBuildFile; fileRef = ACB96E971F4E5658003CDBAF /* terceiraView.swift */; };
		ACB96E9A1F4E61F4003CDBAF /* StoryboardTab.storyboard in Resources */ = {isa = PBXBuildFile; fileRef = ACB96E991F4E61F4003CDBAF /* StoryboardTab.storyboard */; };
		ACB96E9C1F4E64C6003CDBAF /* ViewControllerTab.swift in Sources */ = {isa = PBXBuildFile; fileRef = ACB96E9B1F4E64C6003CDBAF /* ViewControllerTab.swift */; };
		ACB96E9F1F4E655E003CDBAF /* ViewControllerTest.swift in Sources */ = {isa = PBXBuildFile; fileRef = ACB96E9D1F4E655E003CDBAF /* ViewControllerTest.swift */; };
		ACB96EA01F4E655E003CDBAF /* ViewControllerTest.xib in Resources */ = {isa = PBXBuildFile; fileRef = ACB96E9E1F4E655E003CDBAF /* ViewControllerTest.xib */; };
/* End PBXBuildFile section */

/* Begin PBXFileReference section */
		ACB96E821F4E3E62003CDBAF /* aula04.app */ = {isa = PBXFileReference; explicitFileType = wrapper.application; includeInIndex = 0; path = aula04.app; sourceTree = BUILT_PRODUCTS_DIR; };
		ACB96E851F4E3E62003CDBAF /* AppDelegate.swift */ = {isa = PBXFileReference; lastKnownFileType = sourcecode.swift; path = AppDelegate.swift; sourceTree = "<group>"; };
		ACB96E871F4E3E62003CDBAF /* ViewController.swift */ = {isa = PBXFileReference; lastKnownFileType = sourcecode.swift; path = ViewController.swift; sourceTree = "<group>"; };
		ACB96E8A1F4E3E62003CDBAF /* Base */ = {isa = PBXFileReference; lastKnownFileType = file.storyboard; name = Base; path = Base.lproj/Main.storyboard; sourceTree = "<group>"; };
		ACB96E8C1F4E3E62003CDBAF /* Assets.xcassets */ = {isa = PBXFileReference; lastKnownFileType = folder.assetcatalog; path = Assets.xcassets; sourceTree = "<group>"; };
		ACB96E8F1F4E3E62003CDBAF /* Base */ = {isa = PBXFileReference; lastKnownFileType = file.storyboard; name = Base; path = Base.lproj/LaunchScreen.storyboard; sourceTree = "<group>"; };
		ACB96E911F4E3E62003CDBAF /* Info.plist */ = {isa = PBXFileReference; lastKnownFileType = text.plist.xml; path = Info.plist; sourceTree = "<group>"; };
		ACB96E971F4E5658003CDBAF /* terceiraView.swift */ = {isa = PBXFileReference; fileEncoding = 4; lastKnownFileType = sourcecode.swift; path = terceiraView.swift; sourceTree = "<group>"; };
		ACB96E991F4E61F4003CDBAF /* StoryboardTab.storyboard */ = {isa = PBXFileReference; fileEncoding = 4; lastKnownFileType = file.storyboard; path = StoryboardTab.storyboard; sourceTree = "<group>"; };
		ACB96E9B1F4E64C6003CDBAF /* ViewControllerTab.swift */ = {isa = PBXFileReference; fileEncoding = 4; lastKnownFileType = sourcecode.swift; path = ViewControllerTab.swift; sourceTree = "<group>"; };
		ACB96E9D1F4E655E003CDBAF /* ViewControllerTest.swift */ = {isa = PBXFileReference; fileEncoding = 4; lastKnownFileType = sourcecode.swift; path = ViewControllerTest.swift; sourceTree = "<group>"; };
		ACB96E9E1F4E655E003CDBAF /* ViewControllerTest.xib */ = {isa = PBXFileReference; fileEncoding = 4; lastKnownFileType = file.xib; path = ViewControllerTest.xib; sourceTree = "<group>"; };
/* End PBXFileReference section */

/* Begin PBXFrameworksBuildPhase section */
		ACB96E7F1F4E3E62003CDBAF /* Frameworks */ = {
			isa = PBXFrameworksBuildPhase;
			buildActionMask = 2147483647;
			files = (
			);
			runOnlyForDeploymentPostprocessing = 0;
		};
/* End PBXFrameworksBuildPhase section */

/* Begin PBXGroup section */
		ACB96E791F4E3E62003CDBAF = {
			isa = PBXGroup;
			children = (
				ACB96E841F4E3E62003CDBAF /* aula04 */,
				ACB96E831F4E3E62003CDBAF /* Products */,
			);
			sourceTree = "<group>";
		};
		ACB96E831F4E3E62003CDBAF /* Products */ = {
			isa = PBXGroup;
			children = (
				ACB96E821F4E3E62003CDBAF /* aula04.app */,
			);
			name = Products;
			sourceTree = "<group>";
		};
		ACB96E841F4E3E62003CDBAF /* aula04 */ = {
			isa = PBXGroup;
			children = (
				ACB96E851F4E3E62003CDBAF /* AppDelegate.swift */,
				ACB96E871F4E3E62003CDBAF /* ViewController.swift */,
				ACB96E891F4E3E62003CDBAF /* Main.storyboard */,
				ACB96E8C1F4E3E62003CDBAF /* Assets.xcassets */,
				ACB96E8E1F4E3E62003CDBAF /* LaunchScreen.storyboard */,
				ACB96E911F4E3E62003CDBAF /* Info.plist */,
				ACB96E971F4E5658003CDBAF /* terceiraView.swift */,
				ACB96E991F4E61F4003CDBAF /* StoryboardTab.storyboard */,
				ACB96E9D1F4E655E003CDBAF /* ViewControllerTest.swift */,
				ACB96E9E1F4E655E003CDBAF /* ViewControllerTest.xib */,
				ACB96E9B1F4E64C6003CDBAF /* ViewControllerTab.swift */,
			);
			path = aula04;
			sourceTree = "<group>";
		};
/* End PBXGroup section */

/* Begin PBXNativeTarget section */
		ACB96E811F4E3E62003CDBAF /* aula04 */ = {
			isa = PBXNativeTarget;
			buildConfigurationList = ACB96E941F4E3E62003CDBAF /* Build configuration list for PBXNativeTarget "aula04" */;
			buildPhases = (
				ACB96E7E1F4E3E62003CDBAF /* Sources */,
				ACB96E7F1F4E3E62003CDBAF /* Frameworks */,
				ACB96E801F4E3E62003CDBAF /* Resources */,
			);
			buildRules = (
			);
			dependencies = (
			);
			name = aula04;
			productName = aula04;
			productReference = ACB96E821F4E3E62003CDBAF /* aula04.app */;
			productType = "com.apple.product-type.application";
		};
/* End PBXNativeTarget section */

/* Begin PBXProject section */
		ACB96E7A1F4E3E62003CDBAF /* Project object */ = {
			isa = PBXProject;
			attributes = {
				LastSwiftUpdateCheck = 0820;
				LastUpgradeCheck = 0820;
				ORGANIZATIONNAME = "Usuário Convidado";
				TargetAttributes = {
					ACB96E811F4E3E62003CDBAF = {
						CreatedOnToolsVersion = 8.2.1;
						ProvisioningStyle = Automatic;
					};
				};
			};
			buildConfigurationList = ACB96E7D1F4E3E62003CDBAF /* Build configuration list for PBXProject "aula04" */;
			compatibilityVersion = "Xcode 3.2";
			developmentRegion = English;
			hasScannedForEncodings = 0;
			knownRegions = (
				en,
				Base,
			);
			mainGroup = ACB96E791F4E3E62003CDBAF;
			productRefGroup = ACB96E831F4E3E62003CDBAF /* Products */;
			projectDirPath = "";
			projectRoot = "";
			targets = (
				ACB96E811F4E3E62003CDBAF /* aula04 */,
			);
		};
/* End PBXProject section */

/* Begin PBXResourcesBuildPhase section */
		ACB96E801F4E3E62003CDBAF /* Resources */ = {
			isa = PBXResourcesBuildPhase;
			buildActionMask = 2147483647;
			files = (
				ACB96E901F4E3E62003CDBAF /* LaunchScreen.storyboard in Resources */,
				ACB96EA01F4E655E003CDBAF /* ViewControllerTest.xib in Resources */,
				ACB96E8D1F4E3E62003CDBAF /* Assets.xcassets in Resources */,
				ACB96E8B1F4E3E62003CDBAF /* Main.storyboard in Resources */,
				ACB96E9A1F4E61F4003CDBAF /* StoryboardTab.storyboard in Resources */,
			);
			runOnlyForDeploymentPostprocessing = 0;
		};
/* End PBXResourcesBuildPhase section */

/* Begin PBXSourcesBuildPhase section */
		ACB96E7E1F4E3E62003CDBAF /* Sources */ = {
			isa = PBXSourcesBuildPhase;
			buildActionMask = 2147483647;
			files = (
				ACB96E9C1F4E64C6003CDBAF /* ViewControllerTab.swift in Sources */,
				ACB96E881F4E3E62003CDBAF /* ViewController.swift in Sources */,
				ACB96E861F4E3E62003CDBAF /* AppDelegate.swift in Sources */,
				ACB96E981F4E5658003CDBAF /* terceiraView.swift in Sources */,
				ACB96E9F1F4E655E003CDBAF /* ViewControllerTest.swift in Sources */,
			);
			runOnlyForDeploymentPostprocessing = 0;
		};
/* End PBXSourcesBuildPhase section */

/* Begin PBXVariantGroup section */
		ACB96E891F4E3E62003CDBAF /* Main.storyboard */ = {
			isa = PBXVariantGroup;
			children = (
				ACB96E8A1F4E3E62003CDBAF /* Base */,
			);
			name = Main.storyboard;
			sourceTree = "<group>";
		};
		ACB96E8E1F4E3E62003CDBAF /* LaunchScreen.storyboard */ = {
			isa = PBXVariantGroup;
			children = (
				ACB96E8F1F4E3E62003CDBAF /* Base */,
			);
			name = LaunchScreen.storyboard;
			sourceTree = "<group>";
		};
/* End PBXVariantGroup section */

/* Begin XCBuildConfiguration section */
		ACB96E921F4E3E62003CDBAF /* Debug */ = {
			isa = XCBuildConfiguration;
			buildSettings = {
				ALWAYS_SEARCH_USER_PATHS = NO;
				CLANG_ANALYZER_NONNULL = YES;
				CLANG_CXX_LANGUAGE_STANDARD = "gnu++0x";
				CLANG_CXX_LIBRARY = "libc++";
				CLANG_ENABLE_MODULES = YES;
				CLANG_ENABLE_OBJC_ARC = YES;
				CLANG_WARN_BOOL_CONVERSION = YES;
				CLANG_WARN_CONSTANT_CONVERSION = YES;
				CLANG_WARN_DIRECT_OBJC_ISA_USAGE = YES_ERROR;
				CLANG_WARN_DOCUMENTATION_COMMENTS = YES;
				CLANG_WARN_EMPTY_BODY = YES;
				CLANG_WARN_ENUM_CONVERSION = YES;
				CLANG_WARN_INFINITE_RECURSION = YES;
				CLANG_WARN_INT_CONVERSION = YES;
				CLANG_WARN_OBJC_ROOT_CLASS = YES_ERROR;
				CLANG_WARN_SUSPICIOUS_MOVE = YES;
				CLANG_WARN_UNREACHABLE_CODE = YES;
				CLANG_WARN__DUPLICATE_METHOD_MATCH = YES;
				"CODE_SIGN_IDENTITY[sdk=iphoneos*]" = "iPhone Developer";
				COPY_PHASE_STRIP = NO;
				DEBUG_INFORMATION_FORMAT = dwarf;
				ENABLE_STRICT_OBJC_MSGSEND = YES;
				ENABLE_TESTABILITY = YES;
				GCC_C_LANGUAGE_STANDARD = gnu99;
				GCC_DYNAMIC_NO_PIC = NO;
				GCC_NO_COMMON_BLOCKS = YES;
				GCC_OPTIMIZATION_LEVEL = 0;
				GCC_PREPROCESSOR_DEFINITIONS = (
					"DEBUG=1",
					"$(inherited)",
				);
				GCC_WARN_64_TO_32_BIT_CONVERSION = YES;
				GCC_WARN_ABOUT_RETURN_TYPE = YES_ERROR;
				GCC_WARN_UNDECLARED_SELECTOR = YES;
				GCC_WARN_UNINITIALIZED_AUTOS = YES_AGGRESSIVE;
				GCC_WARN_UNUSED_FUNCTION = YES;
				GCC_WARN_UNUSED_VARIABLE = YES;
				IPHONEOS_DEPLOYMENT_TARGET = 10.2;
				MTL_ENABLE_DEBUG_INFO = YES;
				ONLY_ACTIVE_ARCH = YES;
				SDKROOT = iphoneos;
				SWIFT_ACTIVE_COMPILATION_CONDITIONS = DEBUG;
				SWIFT_OPTIMIZATION_LEVEL = "-Onone";
				TARGETED_DEVICE_FAMILY = "1,2";
			};
			name = Debug;
		};
		ACB96E931F4E3E62003CDBAF /* Release */ = {
			isa = XCBuildConfiguration;
			buildSettings = {
				ALWAYS_SEARCH_USER_PATHS = NO;
				CLANG_ANALYZER_NONNULL = YES;
				CLANG_CXX_LANGUAGE_STANDARD = "gnu++0x";
				CLANG_CXX_LIBRARY = "libc++";
				CLANG_ENABLE_MODULES = YES;
				CLANG_ENABLE_OBJC_ARC = YES;
				CLANG_WARN_BOOL_CONVERSION = YES;
				CLANG_WARN_CONSTANT_CONVERSION = YES;
				CLANG_WARN_DIRECT_OBJC_ISA_USAGE = YES_ERROR;
				CLANG_WARN_DOCUMENTATION_COMMENTS = YES;
				CLANG_WARN_EMPTY_BODY = YES;
				CLANG_WARN_ENUM_CONVERSION = YES;
				CLANG_WARN_INFINITE_RECURSION = YES;
				CLANG_WARN_INT_CONVERSION = YES;
				CLANG_WARN_OBJC_ROOT_CLASS = YES_ERROR;
				CLANG_WARN_SUSPICIOUS_MOVE = YES;
				CLANG_WARN_UNREACHABLE_CODE = YES;
				CLANG_WARN__DUPLICATE_METHOD_MATCH = YES;
				"CODE_SIGN_IDENTITY[sdk=iphoneos*]" = "iPhone Developer";
				COPY_PHASE_STRIP = NO;
				DEBUG_INFORMATION_FORMAT = "dwarf-with-dsym";
				ENABLE_NS_ASSERTIONS = NO;
				ENABLE_STRICT_OBJC_MSGSEND = YES;
				GCC_C_LANGUAGE_STANDARD = gnu99;
				GCC_NO_COMMON_BLOCKS = YES;
				GCC_WARN_64_TO_32_BIT_CONVERSION = YES;
				GCC_WARN_ABOUT_RETURN_TYPE = YES_ERROR;
				GCC_WARN_UNDECLARED_SELECTOR = YES;
				GCC_WARN_UNINITIALIZED_AUTOS = YES_AGGRESSIVE;
				GCC_WARN_UNUSED_FUNCTION = YES;
				GCC_WARN_UNUSED_VARIABLE = YES;
				IPHONEOS_DEPLOYMENT_TARGET = 10.2;
				MTL_ENABLE_DEBUG_INFO = NO;
				SDKROOT = iphoneos;
				SWIFT_OPTIMIZATION_LEVEL = "-Owholemodule";
				TARGETED_DEVICE_FAMILY = "1,2";
				VALIDATE_PRODUCT = YES;
			};
			name = Release;
		};
		ACB96E951F4E3E62003CDBAF /* Debug */ = {
			isa = XCBuildConfiguration;
			buildSettings = {
				ASSETCATALOG_COMPILER_APPICON_NAME = AppIcon;
				INFOPLIST_FILE = aula04/Info.plist;
				LD_RUNPATH_SEARCH_PATHS = "$(inherited) @executable_path/Frameworks";
				PRODUCT_BUNDLE_IDENTIFIER = fiap.com.br.aula04;
				PRODUCT_NAME = "$(TARGET_NAME)";
				SWIFT_VERSION = 3.0;
			};
			name = Debug;
		};
		ACB96E961F4E3E62003CDBAF /* Release */ = {
			isa = XCBuildConfiguration;
			buildSettings = {
				ASSETCATALOG_COMPILER_APPICON_NAME = AppIcon;
				INFOPLIST_FILE = aula04/Info.plist;
				LD_RUNPATH_SEARCH_PATHS = "$(inherited) @executable_path/Frameworks";
				PRODUCT_BUNDLE_IDENTIFIER = fiap.com.br.aula04;
				PRODUCT_NAME = "$(TARGET_NAME)";
				SWIFT_VERSION = 3.0;
			};
			name = Release;
		};
/* End XCBuildConfiguration section */

/* Begin XCConfigurationList section */
		ACB96E7D1F4E3E62003CDBAF /* Build configuration list for PBXProject "aula04" */ = {
			isa = XCConfigurationList;
			buildConfigurations = (
				ACB96E921F4E3E62003CDBAF /* Debug */,
				ACB96E931F4E3E62003CDBAF /* Release */,
			);
			defaultConfigurationIsVisible = 0;
			defaultConfigurationName = Release;
		};
		ACB96E941F4E3E62003CDBAF /* Build configuration list for PBXNativeTarget "aula04" */ = {
			isa = XCConfigurationList;
			buildConfigurations = (
				ACB96E951F4E3E62003CDBAF /* Debug */,
				ACB96E961F4E3E62003CDBAF /* Release */,
			);
			defaultConfigurationIsVisible = 0;
		};
/* End XCConfigurationList section */
	};
	rootObject = ACB96E7A1F4E3E62003CDBAF /* Project object */;
}
